
Microsoft Visual Studio Solution File, Format Version 12.00
# Visual Studio Version 17
VisualStudioVersion = 17.13.35931.197 d17.13
MinimumVisualStudioVersion = 10.0.40219.1
Project("{FAE04EC0-301F-11D3-BF4B-00C04F79EFBC}") = "Ex-07-abaixo-da-media", "Ex-07-abaixo-da-media\Ex-07-abaixo-da-media.csproj", "{13955553-C126-417C-B939-DE56D0637578}"
EndProject
Global
	GlobalSection(SolutionConfigurationPlatforms) = preSolution
		Debug|Any CPU = Debug|Any CPU
		Release|Any CPU = Release|Any CPU
	EndGlobalSection
	GlobalSection(ProjectConfigurationPlatforms) = postSolution
		{13955553-C126-417C-B939-DE56D0637578}.Debug|Any CPU.ActiveCfg = Debug|Any CPU
		{13955553-C126-417C-B939-DE56D0637578}.Debug|Any CPU.Build.0 = Debug|Any CPU
		{13955553-C126-417C-B939-DE56D0637578}.Release|Any CPU.ActiveCfg = Release|Any CPU
		{13955553-C126-417C-B939-DE56D0637578}.Release|Any CPU.Build.0 = Release|Any CPU
	EndGlobalSection
	GlobalSection(SolutionProperties) = preSolution
		HideSolutionNode = FALSE
	EndGlobalSection
	GlobalSection(ExtensibilityGlobals) = postSolution
		SolutionGuid = {B50D378B-0352-4F61-AF6A-77EF0D413893}
	EndGlobalSection
EndGlobal
