
Microsoft Visual Studio Solution File, Format Version 12.00
# Visual Studio Version 17
VisualStudioVersion = 17.13.35931.197 d17.13
MinimumVisualStudioVersion = 10.0.40219.1
Project("{FAE04EC0-301F-11D3-BF4B-00C04F79EFBC}") = "Entrada_de_dados", "Entrada_de_dados\Entrada_de_dados.csproj", "{27E8B787-875F-4392-83A4-FAA0AD570864}"
EndProject
Global
	GlobalSection(SolutionConfigurationPlatforms) = preSolution
		Debug|Any CPU = Debug|Any CPU
		Release|Any CPU = Release|Any CPU
	EndGlobalSection
	GlobalSection(ProjectConfigurationPlatforms) = postSolution
		{27E8B787-875F-4392-83A4-FAA0AD570864}.Debug|Any CPU.ActiveCfg = Debug|Any CPU
		{27E8B787-875F-4392-83A4-FAA0AD570864}.Debug|Any CPU.Build.0 = Debug|Any CPU
		{27E8B787-875F-4392-83A4-FAA0AD570864}.Release|Any CPU.ActiveCfg = Release|Any CPU
		{27E8B787-875F-4392-83A4-FAA0AD570864}.Release|Any CPU.Build.0 = Release|Any CPU
	EndGlobalSection
	GlobalSection(SolutionProperties) = preSolution
		HideSolutionNode = FALSE
	EndGlobalSection
	GlobalSection(ExtensibilityGlobals) = postSolution
		SolutionGuid = {E2D16ACE-418A-49C1-99CF-06D6D5985D8D}
	EndGlobalSection
EndGlobal
