
Microsoft Visual Studio Solution File, Format Version 12.00
# Visual Studio Version 17
VisualStudioVersion = 17.13.35931.197 d17.13
MinimumVisualStudioVersion = 10.0.40219.1
Project("{FAE04EC0-301F-11D3-BF4B-00C04F79EFBC}") = "Ex-06-glicose", "Ex-06-glicose\Ex-06-glicose.csproj", "{A4C00E81-F3E3-4320-90D4-54BB873280C3}"
EndProject
Global
	GlobalSection(SolutionConfigurationPlatforms) = preSolution
		Debug|Any CPU = Debug|Any CPU
		Release|Any CPU = Release|Any CPU
	EndGlobalSection
	GlobalSection(ProjectConfigurationPlatforms) = postSolution
		{A4C00E81-F3E3-4320-90D4-54BB873280C3}.Debug|Any CPU.ActiveCfg = Debug|Any CPU
		{A4C00E81-F3E3-4320-90D4-54BB873280C3}.Debug|Any CPU.Build.0 = Debug|Any CPU
		{A4C00E81-F3E3-4320-90D4-54BB873280C3}.Release|Any CPU.ActiveCfg = Release|Any CPU
		{A4C00E81-F3E3-4320-90D4-54BB873280C3}.Release|Any CPU.Build.0 = Release|Any CPU
	EndGlobalSection
	GlobalSection(SolutionProperties) = preSolution
		HideSolutionNode = FALSE
	EndGlobalSection
	GlobalSection(ExtensibilityGlobals) = postSolution
		SolutionGuid = {0A91E86B-3BF7-4039-AE98-FCA488D8BC99}
	EndGlobalSection
EndGlobal
