
Microsoft Visual Studio Solution File, Format Version 12.00
# Visual Studio Version 17
VisualStudioVersion = 17.13.35931.197 d17.13
MinimumVisualStudioVersion = 10.0.40219.1
Project("{FAE04EC0-301F-11D3-BF4B-00C04F79EFBC}") = "Ex-05-alunoAprovado", "Ex-05-alunoAprovado\Ex-05-alunoAprovado.csproj", "{4751ADA6-B3F5-4647-9D25-541E29591D1C}"
EndProject
Global
	GlobalSection(SolutionConfigurationPlatforms) = preSolution
		Debug|Any CPU = Debug|Any CPU
		Release|Any CPU = Release|Any CPU
	EndGlobalSection
	GlobalSection(ProjectConfigurationPlatforms) = postSolution
		{4751ADA6-B3F5-4647-9D25-541E29591D1C}.Debug|Any CPU.ActiveCfg = Debug|Any CPU
		{4751ADA6-B3F5-4647-9D25-541E29591D1C}.Debug|Any CPU.Build.0 = Debug|Any CPU
		{4751ADA6-B3F5-4647-9D25-541E29591D1C}.Release|Any CPU.ActiveCfg = Release|Any CPU
		{4751ADA6-B3F5-4647-9D25-541E29591D1C}.Release|Any CPU.Build.0 = Release|Any CPU
	EndGlobalSection
	GlobalSection(SolutionProperties) = preSolution
		HideSolutionNode = FALSE
	EndGlobalSection
	GlobalSection(ExtensibilityGlobals) = postSolution
		SolutionGuid = {56A4D1C3-C3A9-4613-A2ED-59C84A3DB41C}
	EndGlobalSection
EndGlobal
