
Microsoft Visual Studio Solution File, Format Version 12.00
# Visual Studio Version 17
VisualStudioVersion = 17.13.35931.197 d17.13
MinimumVisualStudioVersion = 10.0.40219.1
Project("{FAE04EC0-301F-11D3-BF4B-00C04F79EFBC}") = "Exemplo-sem-OOP", "Exemplo-sem-OOP\Exemplo-sem-OOP.csproj", "{4C503037-4376-4B40-9043-53FAA51E6347}"
EndProject
Global
	GlobalSection(SolutionConfigurationPlatforms) = preSolution
		Debug|Any CPU = Debug|Any CPU
		Release|Any CPU = Release|Any CPU
	EndGlobalSection
	GlobalSection(ProjectConfigurationPlatforms) = postSolution
		{4C503037-4376-4B40-9043-53FAA51E6347}.Debug|Any CPU.ActiveCfg = Debug|Any CPU
		{4C503037-4376-4B40-9043-53FAA51E6347}.Debug|Any CPU.Build.0 = Debug|Any CPU
		{4C503037-4376-4B40-9043-53FAA51E6347}.Release|Any CPU.ActiveCfg = Release|Any CPU
		{4C503037-4376-4B40-9043-53FAA51E6347}.Release|Any CPU.Build.0 = Release|Any CPU
	EndGlobalSection
	GlobalSection(SolutionProperties) = preSolution
		HideSolutionNode = FALSE
	EndGlobalSection
	GlobalSection(ExtensibilityGlobals) = postSolution
		SolutionGuid = {4ED8B34C-8BF9-494D-AFBF-78C1524929C7}
	EndGlobalSection
EndGlobal
