
Microsoft Visual Studio Solution File, Format Version 12.00
# Visual Studio Version 17
VisualStudioVersion = 17.13.35931.197 d17.13
MinimumVisualStudioVersion = 10.0.40219.1
Project("{FAE04EC0-301F-11D3-BF4B-00C04F79EFBC}") = "Estruturas de Controle", "Estruturas de Controle\Estruturas de Controle.csproj", "{AA2F346E-9723-4515-8A16-09EDCF31D2B7}"
EndProject
Global
	GlobalSection(SolutionConfigurationPlatforms) = preSolution
		Debug|Any CPU = Debug|Any CPU
		Release|Any CPU = Release|Any CPU
	EndGlobalSection
	GlobalSection(ProjectConfigurationPlatforms) = postSolution
		{AA2F346E-9723-4515-8A16-09EDCF31D2B7}.Debug|Any CPU.ActiveCfg = Debug|Any CPU
		{AA2F346E-9723-4515-8A16-09EDCF31D2B7}.Debug|Any CPU.Build.0 = Debug|Any CPU
		{AA2F346E-9723-4515-8A16-09EDCF31D2B7}.Release|Any CPU.ActiveCfg = Release|Any CPU
		{AA2F346E-9723-4515-8A16-09EDCF31D2B7}.Release|Any CPU.Build.0 = Release|Any CPU
	EndGlobalSection
	GlobalSection(SolutionProperties) = preSolution
		HideSolutionNode = FALSE
	EndGlobalSection
	GlobalSection(ExtensibilityGlobals) = postSolution
		SolutionGuid = {57983442-0D0F-4760-B85D-C7A49A4391E5}
	EndGlobalSection
EndGlobal
