
Microsoft Visual Studio Solution File, Format Version 12.00
# Visual Studio Version 17
VisualStudioVersion = 17.13.35931.197 d17.13
MinimumVisualStudioVersion = 10.0.40219.1
Project("{FAE04EC0-301F-11D3-BF4B-00C04F79EFBC}") = "Ex-10-sequencia-impares", "Ex-10-sequencia-impares\Ex-10-sequencia-impares.csproj", "{7446C54C-B5D1-42BC-8A05-9CE1A128082E}"
EndProject
Global
	GlobalSection(SolutionConfigurationPlatforms) = preSolution
		Debug|Any CPU = Debug|Any CPU
		Release|Any CPU = Release|Any CPU
	EndGlobalSection
	GlobalSection(ProjectConfigurationPlatforms) = postSolution
		{7446C54C-B5D1-42BC-8A05-9CE1A128082E}.Debug|Any CPU.ActiveCfg = Debug|Any CPU
		{7446C54C-B5D1-42BC-8A05-9CE1A128082E}.Debug|Any CPU.Build.0 = Debug|Any CPU
		{7446C54C-B5D1-42BC-8A05-9CE1A128082E}.Release|Any CPU.ActiveCfg = Release|Any CPU
		{7446C54C-B5D1-42BC-8A05-9CE1A128082E}.Release|Any CPU.Build.0 = Release|Any CPU
	EndGlobalSection
	GlobalSection(SolutionProperties) = preSolution
		HideSolutionNode = FALSE
	EndGlobalSection
	GlobalSection(ExtensibilityGlobals) = postSolution
		SolutionGuid = {6655D9B0-D3B4-4A02-934D-36B5BCC5CED3}
	EndGlobalSection
EndGlobal
