
Microsoft Visual Studio Solution File, Format Version 12.00
# Visual Studio Version 17
VisualStudioVersion = 17.13.35931.197 d17.13
MinimumVisualStudioVersion = 10.0.40219.1
Project("{FAE04EC0-301F-11D3-BF4B-00C04F79EFBC}") = "Ex-05-maior-posicao", "Ex-05-maior-posicao\Ex-05-maior-posicao.csproj", "{D3D6AA0B-255E-4B00-8DF9-6FD3472B7DE4}"
EndProject
Global
	GlobalSection(SolutionConfigurationPlatforms) = preSolution
		Debug|Any CPU = Debug|Any CPU
		Release|Any CPU = Release|Any CPU
	EndGlobalSection
	GlobalSection(ProjectConfigurationPlatforms) = postSolution
		{D3D6AA0B-255E-4B00-8DF9-6FD3472B7DE4}.Debug|Any CPU.ActiveCfg = Debug|Any CPU
		{D3D6AA0B-255E-4B00-8DF9-6FD3472B7DE4}.Debug|Any CPU.Build.0 = Debug|Any CPU
		{D3D6AA0B-255E-4B00-8DF9-6FD3472B7DE4}.Release|Any CPU.ActiveCfg = Release|Any CPU
		{D3D6AA0B-255E-4B00-8DF9-6FD3472B7DE4}.Release|Any CPU.Build.0 = Release|Any CPU
	EndGlobalSection
	GlobalSection(SolutionProperties) = preSolution
		HideSolutionNode = FALSE
	EndGlobalSection
	GlobalSection(ExtensibilityGlobals) = postSolution
		SolutionGuid = {7C8D9F76-7832-4899-906C-87CDFE0002B6}
	EndGlobalSection
EndGlobal
