
Microsoft Visual Studio Solution File, Format Version 12.00
# Visual Studio Version 17
VisualStudioVersion = 17.13.35931.197 d17.13
MinimumVisualStudioVersion = 10.0.40219.1
Project("{FAE04EC0-301F-11D3-BF4B-00C04F79EFBC}") = "Ex-12-par-impar", "Ex-12-par-impar\Ex-12-par-impar.csproj", "{DF1A50FD-4FBA-420C-9579-7D6110AF38DC}"
EndProject
Global
	GlobalSection(SolutionConfigurationPlatforms) = preSolution
		Debug|Any CPU = Debug|Any CPU
		Release|Any CPU = Release|Any CPU
	EndGlobalSection
	GlobalSection(ProjectConfigurationPlatforms) = postSolution
		{DF1A50FD-4FBA-420C-9579-7D6110AF38DC}.Debug|Any CPU.ActiveCfg = Debug|Any CPU
		{DF1A50FD-4FBA-420C-9579-7D6110AF38DC}.Debug|Any CPU.Build.0 = Debug|Any CPU
		{DF1A50FD-4FBA-420C-9579-7D6110AF38DC}.Release|Any CPU.ActiveCfg = Release|Any CPU
		{DF1A50FD-4FBA-420C-9579-7D6110AF38DC}.Release|Any CPU.Build.0 = Release|Any CPU
	EndGlobalSection
	GlobalSection(SolutionProperties) = preSolution
		HideSolutionNode = FALSE
	EndGlobalSection
	GlobalSection(ExtensibilityGlobals) = postSolution
		SolutionGuid = {03B9CFE9-6B35-4297-98D1-C8025ADCE4B2}
	EndGlobalSection
EndGlobal
