
Microsoft Visual Studio Solution File, Format Version 12.00
# Visual Studio Version 17
VisualStudioVersion = 17.13.35931.197 d17.13
MinimumVisualStudioVersion = 10.0.40219.1
Project("{FAE04EC0-301F-11D3-BF4B-00C04F79EFBC}") = "Ex-04-numeros-pares", "Ex-04-numeros-pares\Ex-04-numeros-pares.csproj", "{534A61C6-8811-4290-AEEA-83B2160AD153}"
EndProject
Global
	GlobalSection(SolutionConfigurationPlatforms) = preSolution
		Debug|Any CPU = Debug|Any CPU
		Release|Any CPU = Release|Any CPU
	EndGlobalSection
	GlobalSection(ProjectConfigurationPlatforms) = postSolution
		{534A61C6-8811-4290-AEEA-83B2160AD153}.Debug|Any CPU.ActiveCfg = Debug|Any CPU
		{534A61C6-8811-4290-AEEA-83B2160AD153}.Debug|Any CPU.Build.0 = Debug|Any CPU
		{534A61C6-8811-4290-AEEA-83B2160AD153}.Release|Any CPU.ActiveCfg = Release|Any CPU
		{534A61C6-8811-4290-AEEA-83B2160AD153}.Release|Any CPU.Build.0 = Release|Any CPU
	EndGlobalSection
	GlobalSection(SolutionProperties) = preSolution
		HideSolutionNode = FALSE
	EndGlobalSection
	GlobalSection(ExtensibilityGlobals) = postSolution
		SolutionGuid = {29C8A386-2FCD-4CA3-A0B6-2FC78C222133}
	EndGlobalSection
EndGlobal
