
Microsoft Visual Studio Solution File, Format Version 12.00
# Visual Studio Version 17
VisualStudioVersion = 17.13.35931.197 d17.13
MinimumVisualStudioVersion = 10.0.40219.1
Project("{FAE04EC0-301F-11D3-BF4B-00C04F79EFBC}") = "Ex-01-negativos", "Ex-01-negativos\Ex-01-negativos.csproj", "{4979F483-BF12-444B-A52A-4E0EAF84CDD5}"
EndProject
Global
	GlobalSection(SolutionConfigurationPlatforms) = preSolution
		Debug|Any CPU = Debug|Any CPU
		Release|Any CPU = Release|Any CPU
	EndGlobalSection
	GlobalSection(ProjectConfigurationPlatforms) = postSolution
		{4979F483-BF12-444B-A52A-4E0EAF84CDD5}.Debug|Any CPU.ActiveCfg = Debug|Any CPU
		{4979F483-BF12-444B-A52A-4E0EAF84CDD5}.Debug|Any CPU.Build.0 = Debug|Any CPU
		{4979F483-BF12-444B-A52A-4E0EAF84CDD5}.Release|Any CPU.ActiveCfg = Release|Any CPU
		{4979F483-BF12-444B-A52A-4E0EAF84CDD5}.Release|Any CPU.Build.0 = Release|Any CPU
	EndGlobalSection
	GlobalSection(SolutionProperties) = preSolution
		HideSolutionNode = FALSE
	EndGlobalSection
	GlobalSection(ExtensibilityGlobals) = postSolution
		SolutionGuid = {14976DDF-2B94-4BB8-BD39-2F9C41A053BD}
	EndGlobalSection
EndGlobal
